<?xml version="1.0" encoding="utf-8"?>
<Project ToolsVersion="4.0" xmlns="http://schemas.microsoft.com/developer/msbuild/2003">
  <ItemGroup>
    <Filter Include="Source Files">
      <UniqueIdentifier>{4FC737F1-C7A5-4376-A066-2A32D752A2FF}</UniqueIdentifier>
      <Extensions>cpp;c;cc;cxx;def;odl;idl;hpj;bat;asm;asmx</Extensions>
    </Filter>
    <Filter Include="Header Files">
      <UniqueIdentifier>{93995380-89BD-4b04-88EB-625FBE52EBFB}</UniqueIdentifier>
      <Extensions>h;hh;hpp;hxx;hm;inl;inc;xsd</Extensions>
    </Filter>
    <Filter Include="Resource Files">
      <UniqueIdentifier>{67DA6AB6-F800-4c08-8B7A-83BB121AAD01}</UniqueIdentifier>
      <Extensions>rc;ico;cur;bmp;dlg;rc2;rct;bin;rgs;gif;jpg;jpeg;jpe;resx;tiff;tif;png;wav;mfcribbon-ms</Extensions>
    </Filter>
    <Filter Include="_core">
      <UniqueIdentifier>{4e2fa2fe-ca48-439a-9ab1-8efc85d8d381}</UniqueIdentifier>
    </Filter>
  </ItemGroup>
  <ItemGroup>
    <None Include="GarageControl.ino" />
  </ItemGroup>
  <ItemGroup>
    <ClInclude Include="ConfigData.h">
      <Filter>Header Files</Filter>
    </ClInclude>
    <ClInclude Include="Constants.h">
      <Filter>Header Files</Filter>
    </ClInclude>
    <ClInclude Include="GarageMotor.h">
      <Filter>Header Files</Filter>
    </ClInclude>
    <ClInclude Include="GarageSensor.h">
      <Filter>Header Files</Filter>
    </ClInclude>
    <ClInclude Include="Global.h">
      <Filter>Header Files</Filter>
    </ClInclude>
    <ClInclude Include="LedControl.h">
      <Filter>Header Files</Filter>
    </ClInclude>
    <ClInclude Include="WebPages.h">
      <Filter>Header Files</Filter>
    </ClInclude>
    <ClInclude Include="WebServer.h">
      <Filter>Header Files</Filter>
    </ClInclude>
    <ClInclude Include="WebSession.h">
      <Filter>Header Files</Filter>
    </ClInclude>
    <ClInclude Include="__vm\.GarageControl.vsarduino.h">
      <Filter>Header Files</Filter>
    </ClInclude>
    <ClInclude Include="LedBase.h">
      <Filter>Header Files</Filter>
    </ClInclude>
    <ClInclude Include="SensorBase.h">
      <Filter>Header Files</Filter>
    </ClInclude>
    <ClInclude Include="WebExecBase.h">
      <Filter>Header Files</Filter>
    </ClInclude>
    <ClInclude Include="GarageExec.h">
      <Filter>Header Files</Filter>
    </ClInclude>
    <ClInclude Include="WebParser.h">
      <Filter>Header Files</Filter>
    </ClInclude>
    <ClInclude Include="WebCommand.h">
      <Filter>Header Files</Filter>
    </ClInclude>
    <ClInclude Include="MotorBase.h">
      <Filter>Header Files</Filter>
    </ClInclude>
    <ClInclude Include="IpSetupBase.h">
      <Filter>Header Files</Filter>
    </ClInclude>
    <ClInclude Include="IpSetupCc3000.h">
      <Filter>Header Files</Filter>
    </ClInclude>
    <ClInclude Include="IpSetupEtherShield.h">
      <Filter>Header Files</Filter>
    </ClInclude>
  </ItemGroup>
  <ItemGroup>
    <ClCompile Include="ConfigData.cpp">
      <Filter>Source Files</Filter>
    </ClCompile>
    <ClCompile Include="GarageMotor.cpp">
      <Filter>Source Files</Filter>
    </ClCompile>
    <ClCompile Include="GarageSensor.cpp">
      <Filter>Source Files</Filter>
    </ClCompile>
    <ClCompile Include="LedControl.cpp">
      <Filter>Source Files</Filter>
    </ClCompile>
    <ClCompile Include="WebPages.cpp">
      <Filter>Source Files</Filter>
    </ClCompile>
    <ClCompile Include="WebServer.cpp">
      <Filter>Source Files</Filter>
    </ClCompile>
    <ClCompile Include="WebSession.cpp">
      <Filter>Source Files</Filter>
    </ClCompile>
    <ClCompile Include="GarageExec.cpp">
      <Filter>Source Files</Filter>
    </ClCompile>
    <ClCompile Include="WebParser.cpp">
      <Filter>Source Files</Filter>
    </ClCompile>
    <ClCompile Include="WebCommand.cpp">
      <Filter>Source Files</Filter>
    </ClCompile>
    <ClCompile Include="IpSetupBase.cpp">
      <Filter>Source Files</Filter>
    </ClCompile>
    <ClCompile Include="IpSetupCc3000.cpp">
      <Filter>Source Files</Filter>
    </ClCompile>
    <ClCompile Include="IpSetupEtherShield.cpp">
      <Filter>Source Files</Filter>
    </ClCompile>
  </ItemGroup>
</Project>